{
  "version": "5",
  "specifiers": {
    "jsr:@libs/logger@^3.1.10": "3.1.10",
    "jsr:@std/assert@1": "1.0.19",
    "jsr:@std/dotenv@*": "0.225.6",
    "jsr:@std/dotenv@~0.225.3": "0.225.6",
    "jsr:@std/fmt@^1.0.9": "1.0.9",
    "jsr:@std/internal@^1.0.12": "1.0.12",
    "npm:@orpc/openapi@^1.14.2": "1.14.2",
    "npm:@orpc/server@1.14.2": "1.14.2",
    "npm:@orpc/server@^1.14.2": "1.14.2",
    "npm:@orpc/zod@1.14.2": "1.14.2_@orpc+contract@1.14.2_@orpc+server@1.14.2_zod@4.4.3",
    "npm:@orpc/zod@^1.14.2": "1.14.2_@orpc+contract@1.14.2_@orpc+server@1.14.2_zod@4.4.3",
    "npm:better-result@*": "2.9.2",
    "npm:eventemitter3@^5.0.4": "5.0.4",
    "npm:hono@^4.12.18": "4.12.18",
    "npm:p-queue@^8.1.0": "8.1.1",
    "npm:playwright@*": "1.59.1",
    "npm:playwright@^1.59.1": "1.59.1",
    "npm:zod@^4.4.3": "4.4.3"
  },
  "jsr": {
    "@libs/logger@3.1.10": {
      "integrity": "7baec1111af449b2afb4358649a3e66189d2508c5b9a6d0ea001c2a5cfe288cb",
      "dependencies": [
        "jsr:@std/fmt"
      ]
    },
    "@std/assert@1.0.19": {
      "integrity": "eaada96ee120cb980bc47e040f82814d786fe8162ecc53c91d8df60b8755991e",
      "dependencies": [
        "jsr:@std/internal"
      ]
    },
    "@std/dotenv@0.225.6": {
      "integrity": "1d6f9db72f565bd26790fa034c26e45ecb260b5245417be76c2279e5734c421b"
    },
    "@std/fmt@1.0.9": {
      "integrity": "2487343e8899fb2be5d0e3d35013e54477ada198854e52dd05ed0422eddcabe0"
    },
    "@std/internal@1.0.12": {
      "integrity": "972a634fd5bc34b242024402972cd5143eac68d8dffaca5eaa4dba30ce17b027"
    }
  },
  "npm": {
    "@orpc/client@1.14.2": {
      "integrity": "sha512-/tFAua/w/mao2kQtJqjoCYEojHrKMisxOCK8qtkMKOUcXVxWMl+QWhP/MykjzFgkFdO9mzKOu1h7vJvpH73EBA==",
      "dependencies": [
        "@orpc/shared",
        "@orpc/standard-server",
        "@orpc/standard-server-fetch",
        "@orpc/standard-server-peer"
      ]
    },
    "@orpc/contract@1.14.2": {
      "integrity": "sha512-51XFgfUYOfX7thwb8ww2EE0YHJDveW9HQNt7TN6sQMb3Bjx54h9r7vdfPJjUOJP3J4Ri2tOVstOsZ3CWUjbi5A==",
      "dependencies": [
        "@orpc/client",
        "@orpc/shared",
        "@standard-schema/spec",
        "openapi-types"
      ]
    },
    "@orpc/interop@1.14.2": {
      "integrity": "sha512-FkrXlR0vmhx5D0t5WA6YN7XyC1WwjGGmkaaShVUGdnFu6m0bl4v3vZZWIMcPy5fG/6wF7KCTEGx0B6+kMmLWiQ=="
    },
    "@orpc/json-schema@1.14.2": {
      "integrity": "sha512-CpK8+evqU1j685f5M2UUO+tsm0HFKeykTQNTtq0WGMyFy7PPVOGYbJxZSorLJmWDfEw8ImPP2bj3wXEEOJsgag==",
      "dependencies": [
        "@orpc/contract",
        "@orpc/interop",
        "@orpc/openapi",
        "@orpc/server",
        "@orpc/shared",
        "json-schema-typed"
      ]
    },
    "@orpc/openapi-client@1.14.2": {
      "integrity": "sha512-KIXSVuGYh3JvO0lxUUztuMkEj6FV5C96QivR+H/HvqfFidC3hEH0nqi0vEWmUzlbzH3jbCaJV8KKV41HKnUNYw==",
      "dependencies": [
        "@orpc/client",
        "@orpc/contract",
        "@orpc/shared",
        "@orpc/standard-server"
      ]
    },
    "@orpc/openapi@1.14.2": {
      "integrity": "sha512-Xuy8auE1KubDjZGc5mvntSfaHy03p0tjDfEkx7k/S4SSJi0o4Rn+HYgCltgYznKwuyMnljl/0gShf99bo77lFg==",
      "dependencies": [
        "@orpc/client",
        "@orpc/contract",
        "@orpc/interop",
        "@orpc/openapi-client",
        "@orpc/server",
        "@orpc/shared",
        "@orpc/standard-server",
        "json-schema-typed",
        "rou3"
      ]
    },
    "@orpc/server@1.14.2": {
      "integrity": "sha512-+MkYqqI1CmR/eWsktpAxN4+Dd1rbDGO3xh9ZQae/V4zID5uz7smUnsIJL97GRDIZkwRUYlC8TDLLPAkxij22Iw==",
      "dependencies": [
        "@orpc/client",
        "@orpc/contract",
        "@orpc/interop",
        "@orpc/shared",
        "@orpc/standard-server",
        "@orpc/standard-server-aws-lambda",
        "@orpc/standard-server-fastify",
        "@orpc/standard-server-fetch",
        "@orpc/standard-server-node",
        "@orpc/standard-server-peer",
        "cookie"
      ]
    },
    "@orpc/shared@1.14.2": {
      "integrity": "sha512-5YtbVz4yGbJgcyj7CmEv5FAy4xagCS/hP/MMAlHpJKBSlMHuD7FrDO4LQLFUmSkcBcbLhzX8Ll1ziUw3vtPasw==",
      "dependencies": [
        "radash",
        "type-fest"
      ]
    },
    "@orpc/standard-server-aws-lambda@1.14.2": {
      "integrity": "sha512-/aPEC+WTQMHxmX8NauolIyzTRic96vPM17py3oe7LEaCyP/McyKUVrUsKu4He4zkEFrj3ErwVeOCkm19VvtIMQ==",
      "dependencies": [
        "@orpc/shared",
        "@orpc/standard-server",
        "@orpc/standard-server-fetch",
        "@orpc/standard-server-node"
      ]
    },
    "@orpc/standard-server-fastify@1.14.2": {
      "integrity": "sha512-qmbNZKU+JdNKqaKHwUBCytx0G1RKYbfBwA5Cqf+S6Y+4InpwEdbcRSMgRnN+VH40lRPQAg1RO0AmH3NtvQ4yNw==",
      "dependencies": [
        "@orpc/shared",
        "@orpc/standard-server",
        "@orpc/standard-server-node"
      ]
    },
    "@orpc/standard-server-fetch@1.14.2": {
      "integrity": "sha512-FPXhHfGPA2Hcb3GBd6YjsbMbgcvb3XJ5aFr6TXmlpS8Qgek4fDM7nK1nZ+GoA5OitsL6B7Z9WoIbu39IiG1FcA==",
      "dependencies": [
        "@orpc/shared",
        "@orpc/standard-server"
      ]
    },
    "@orpc/standard-server-node@1.14.2": {
      "integrity": "sha512-9b/ffVIo8ZN6xk8hMxFvRxpaNmNMulPH9elaXkOwOdmH8TJnqAK79sKOSbDbmFx+wI0QPyjXOaqGpU9ie7J4uw==",
      "dependencies": [
        "@orpc/shared",
        "@orpc/standard-server",
        "@orpc/standard-server-fetch"
      ]
    },
    "@orpc/standard-server-peer@1.14.2": {
      "integrity": "sha512-uzbgGaxvlZ0IA2lasaLck+yrbR3bKoqJnsZehEdbSm6eWaKln4COvxQJ2PuPow3gA6tklNnGkTfmRmGIHvS/rg==",
      "dependencies": [
        "@orpc/shared",
        "@orpc/standard-server"
      ]
    },
    "@orpc/standard-server@1.14.2": {
      "integrity": "sha512-XHySJICwDsJf211gcxtJBpzB1ldZrSHDW2mqbBQg+I2AewvTqWiqeGZV+SPvmq87q4IfBzncSuwMrRKplUJhsw==",
      "dependencies": [
        "@orpc/shared"
      ]
    },
    "@orpc/zod@1.14.2_@orpc+contract@1.14.2_@orpc+server@1.14.2_zod@4.4.3": {
      "integrity": "sha512-47FBoaAz5GfHSdtD/ZNmTjorLD9SiD+I008UH2+DKehC4HMh8V1SbsMWCanUOkh1IFPZ1kzKaOOT+g0OAIOUWA==",
      "dependencies": [
        "@orpc/contract",
        "@orpc/json-schema",
        "@orpc/openapi",
        "@orpc/server",
        "@orpc/shared",
        "escape-string-regexp",
        "wildcard-match",
        "zod"
      ]
    },
    "@standard-schema/spec@1.1.0": {
      "integrity": "sha512-l2aFy5jALhniG5HgqrD6jXLi/rUWrKvqN/qJx6yoJsgKhblVd+iqqU4RCXavm/jPityDo5TCvKMnpjKnOriy0w=="
    },
    "better-result@2.9.2": {
      "integrity": "sha512-WIFoBPCdnTOdk9inkE1ZRvCZ4P0CpSkAiLlchC65N7n9DcjZ3NhqkBOlafzpOVnO8ixyi37kicmSJ3ENhPZl7Q=="
    },
    "cookie@1.1.1": {
      "integrity": "sha512-ei8Aos7ja0weRpFzJnEA9UHJ/7XQmqglbRwnf2ATjcB9Wq874VKH9kfjjirM6UhU2/E5fFYadylyhFldcqSidQ=="
    },
    "escape-string-regexp@5.0.0": {
      "integrity": "sha512-/veY75JbMK4j1yjvuUxuVsiS/hr/4iHs9FTT6cgTexxdE0Ly/glccBAkloH/DofkjRbZU3bnoj38mOmhkZ0lHw=="
    },
    "eventemitter3@5.0.4": {
      "integrity": "sha512-mlsTRyGaPBjPedk6Bvw+aqbsXDtoAyAzm5MO7JgU+yVRyMQ5O8bD4Kcci7BS85f93veegeCPkL8R4GLClnjLFw=="
    },
    "fsevents@2.3.2": {
      "integrity": "sha512-xiqMQR4xAeHTuB9uWm+fFRcIOgKBMiOBP+eXiyT7jsgVCq1bkVygt00oASowB7EdtpOHaaPgKt812P9ab+DDKA==",
      "os": ["darwin"],
      "scripts": true
    },
    "hono@4.12.18": {
      "integrity": "sha512-RWzP96k/yv0PQfyXnWjs6zot20TqfpfsNXhOnev8d1InAxubW93L11/oNUc3tQqn2G0bSdAOBpX+2uDFHV7kdQ=="
    },
    "json-schema-typed@8.0.2": {
      "integrity": "sha512-fQhoXdcvc3V28x7C7BMs4P5+kNlgUURe2jmUT1T//oBRMDrqy1QPelJimwZGo7Hg9VPV3EQV5Bnq4hbFy2vetA=="
    },
    "openapi-types@12.1.3": {
      "integrity": "sha512-N4YtSYJqghVu4iek2ZUvcN/0aqH1kRDuNqzcycDxhOUpg7GdvLa2F3DgS6yBNhInhv2r/6I0Flkn7CqL8+nIcw=="
    },
    "p-queue@8.1.1": {
      "integrity": "sha512-aNZ+VfjobsWryoiPnEApGGmf5WmNsCo9xu8dfaYamG5qaLP7ClhLN6NgsFe6SwJ2UbLEBK5dv9x8Mn5+RVhMWQ==",
      "dependencies": [
        "eventemitter3",
        "p-timeout"
      ]
    },
    "p-timeout@6.1.4": {
      "integrity": "sha512-MyIV3ZA/PmyBN/ud8vV9XzwTrNtR4jFrObymZYnZqMmW0zA8Z17vnT0rBgFE/TlohB+YCHqXMgZzb3Csp49vqg=="
    },
    "playwright-core@1.59.1": {
      "integrity": "sha512-HBV/RJg81z5BiiZ9yPzIiClYV/QMsDCKUyogwH9p3MCP6IYjUFu/MActgYAvK0oWyV9NlwM3GLBjADyWgydVyg==",
      "bin": true
    },
    "playwright@1.59.1": {
      "integrity": "sha512-C8oWjPR3F81yljW9o5OxcWzfh6avkVwDD2VYdwIGqTkl+OGFISgypqzfu7dOe4QNLL2aqcWBmI3PMtLIK233lw==",
      "dependencies": [
        "playwright-core"
      ],
      "optionalDependencies": [
        "fsevents"
      ],
      "bin": true
    },
    "radash@12.1.1": {
      "integrity": "sha512-h36JMxKRqrAxVD8201FrCpyeNuUY9Y5zZwujr20fFO77tpUtGa6EZzfKw/3WaiBX95fq7+MpsuMLNdSnORAwSA=="
    },
    "rou3@0.7.12": {
      "integrity": "sha512-iFE4hLDuloSWcD7mjdCDhx2bKcIsYbtOTpfH5MHHLSKMOUyjqQXTeZVa289uuwEGEKFoE/BAPbhaU4B774nceg=="
    },
    "tagged-tag@1.0.0": {
      "integrity": "sha512-yEFYrVhod+hdNyx7g5Bnkkb0G6si8HJurOoOEgC8B/O0uXLHlaey/65KRv6cuWBNhBgHKAROVpc7QyYqE5gFng=="
    },
    "type-fest@5.6.0": {
      "integrity": "sha512-8ZiHFm91orbSAe2PSAiSVBVko18pbhbiB3U9GglSzF/zCGkR+rxpHx6sEMCUm4kxY4LjDIUGgCfUMtwfZfjfUA==",
      "dependencies": [
        "tagged-tag"
      ]
    },
    "wildcard-match@5.1.4": {
      "integrity": "sha512-wldeCaczs8XXq7hj+5d/F38JE2r7EXgb6WQDM84RVwxy81T/sxB5e9+uZLK9Q9oNz1mlvjut+QtvgaOQFPVq/g=="
    },
    "zod@4.4.3": {
      "integrity": "sha512-ytENFjIJFl2UwYglde2jchW2Hwm4GJFLDiSXWdTrJQBIN9Fcyp7n4DhxJEiWNAJMV1/BqWfW/kkg71UDcHJyTQ=="
    }
  },
  "workspace": {
    "dependencies": [
      "jsr:@libs/logger@^3.1.10",
      "jsr:@std/assert@1",
      "jsr:@std/dotenv@~0.225.3",
      "npm:@orpc/openapi@^1.14.2",
      "npm:@orpc/server@^1.14.2",
      "npm:@orpc/zod@^1.14.2",
      "npm:better-result@*",
      "npm:eventemitter3@^5.0.4",
      "npm:hono@^4.12.18",
      "npm:p-queue@^8.1.0",
      "npm:playwright@^1.59.1",
      "npm:zod@^4.4.3"
    ]
  }
}
